
Microsoft Visual Studio Solution File, Format Version 12.00
# Visual Studio Version 17
VisualStudioVersion = 17.9.34723.18
MinimumVisualStudioVersion = 10.0.40219.1
Project("{2150E333-8FDC-42A3-9474-1A3956D46DE8}") = "Problem Solving", "Problem Solving", "{2EE95A25-5B5C-4AF1-B897-8006F45A2684}"
EndProject
Project("{9A19103F-16F7-4668-BE54-9A1E7A4F7556}") = "Migratory Birds", "Migratory Birds\Migratory Birds.csproj", "{099C8E82-56CD-45DC-928D-C580ABA5A702}"
EndProject
Project("{9A19103F-16F7-4668-BE54-9A1E7A4F7556}") = "DivisibleSumPairs", "DivisibleSumPairs\DivisibleSumPairs.csproj", "{7BCF0F87-7EF4-45B9-BA31-8D153B3D1D99}"
EndProject
Project("{9A19103F-16F7-4668-BE54-9A1E7A4F7556}") = "DayOfTheProgrammer", "DayOfTheProgrammer\DayOfTheProgrammer.csproj", "{4B43068E-5067-4181-BE6D-513A996DD480}"
EndProject
Project("{9A19103F-16F7-4668-BE54-9A1E7A4F7556}") = "Bill Division", "Bill Division\Bill Division.csproj", "{B8997302-30CC-42E9-AC08-50E917429014}"
EndProject
Project("{9A19103F-16F7-4668-BE54-9A1E7A4F7556}") = "Sales By Match", "Sales By Match\Sales By Match.csproj", "{BE4AEF47-F460-4766-800F-C3918D427813}"
EndProject
Project("{9A19103F-16F7-4668-BE54-9A1E7A4F7556}") = "Between Two Sets", "Between Two Sets\Between Two Sets.csproj", "{69C46A9D-93CA-4A9D-A620-63F815C358EB}"
EndProject
Project("{9A19103F-16F7-4668-BE54-9A1E7A4F7556}") = "Breaking The Records", "Breaking The Records\Breaking The Records.csproj", "{01565305-0AF0-401E-8176-F61DBC67E16B}"
EndProject
Project("{9A19103F-16F7-4668-BE54-9A1E7A4F7556}") = "SubArray Division", "SubArray Division\SubArray Division.csproj", "{7322C9D6-9E2B-4136-924B-AD712C29C472}"
EndProject
Project("{9A19103F-16F7-4668-BE54-9A1E7A4F7556}") = "Drawing Book", "Drawing Book\Drawing Book.csproj", "{1D4AEF36-2980-4AEA-AF13-94BED7CE69A2}"
EndProject
Project("{FAE04EC0-301F-11D3-BF4B-00C04F79EFBC}") = "Counting Valleys", "Counting Valleys\Counting Valleys.csproj", "{A80A6201-C586-4A3C-9A7D-8638EA53AA6F}"
EndProject
Global
	GlobalSection(SolutionConfigurationPlatforms) = preSolution
		Debug|Any CPU = Debug|Any CPU
		Release|Any CPU = Release|Any CPU
	EndGlobalSection
	GlobalSection(ProjectConfigurationPlatforms) = postSolution
		{099C8E82-56CD-45DC-928D-C580ABA5A702}.Debug|Any CPU.ActiveCfg = Debug|Any CPU
		{099C8E82-56CD-45DC-928D-C580ABA5A702}.Debug|Any CPU.Build.0 = Debug|Any CPU
		{099C8E82-56CD-45DC-928D-C580ABA5A702}.Release|Any CPU.ActiveCfg = Release|Any CPU
		{099C8E82-56CD-45DC-928D-C580ABA5A702}.Release|Any CPU.Build.0 = Release|Any CPU
		{7BCF0F87-7EF4-45B9-BA31-8D153B3D1D99}.Debug|Any CPU.ActiveCfg = Debug|Any CPU
		{7BCF0F87-7EF4-45B9-BA31-8D153B3D1D99}.Debug|Any CPU.Build.0 = Debug|Any CPU
		{7BCF0F87-7EF4-45B9-BA31-8D153B3D1D99}.Release|Any CPU.ActiveCfg = Release|Any CPU
		{7BCF0F87-7EF4-45B9-BA31-8D153B3D1D99}.Release|Any CPU.Build.0 = Release|Any CPU
		{4B43068E-5067-4181-BE6D-513A996DD480}.Debug|Any CPU.ActiveCfg = Debug|Any CPU
		{4B43068E-5067-4181-BE6D-513A996DD480}.Debug|Any CPU.Build.0 = Debug|Any CPU
		{4B43068E-5067-4181-BE6D-513A996DD480}.Release|Any CPU.ActiveCfg = Release|Any CPU
		{4B43068E-5067-4181-BE6D-513A996DD480}.Release|Any CPU.Build.0 = Release|Any CPU
		{B8997302-30CC-42E9-AC08-50E917429014}.Debug|Any CPU.ActiveCfg = Debug|Any CPU
		{B8997302-30CC-42E9-AC08-50E917429014}.Debug|Any CPU.Build.0 = Debug|Any CPU
		{B8997302-30CC-42E9-AC08-50E917429014}.Release|Any CPU.ActiveCfg = Release|Any CPU
		{B8997302-30CC-42E9-AC08-50E917429014}.Release|Any CPU.Build.0 = Release|Any CPU
		{BE4AEF47-F460-4766-800F-C3918D427813}.Debug|Any CPU.ActiveCfg = Debug|Any CPU
		{BE4AEF47-F460-4766-800F-C3918D427813}.Debug|Any CPU.Build.0 = Debug|Any CPU
		{BE4AEF47-F460-4766-800F-C3918D427813}.Release|Any CPU.ActiveCfg = Release|Any CPU
		{BE4AEF47-F460-4766-800F-C3918D427813}.Release|Any CPU.Build.0 = Release|Any CPU
		{69C46A9D-93CA-4A9D-A620-63F815C358EB}.Debug|Any CPU.ActiveCfg = Debug|Any CPU
		{69C46A9D-93CA-4A9D-A620-63F815C358EB}.Debug|Any CPU.Build.0 = Debug|Any CPU
		{69C46A9D-93CA-4A9D-A620-63F815C358EB}.Release|Any CPU.ActiveCfg = Release|Any CPU
		{69C46A9D-93CA-4A9D-A620-63F815C358EB}.Release|Any CPU.Build.0 = Release|Any CPU
		{01565305-0AF0-401E-8176-F61DBC67E16B}.Debug|Any CPU.ActiveCfg = Debug|Any CPU
		{01565305-0AF0-401E-8176-F61DBC67E16B}.Debug|Any CPU.Build.0 = Debug|Any CPU
		{01565305-0AF0-401E-8176-F61DBC67E16B}.Release|Any CPU.ActiveCfg = Release|Any CPU
		{01565305-0AF0-401E-8176-F61DBC67E16B}.Release|Any CPU.Build.0 = Release|Any CPU
		{7322C9D6-9E2B-4136-924B-AD712C29C472}.Debug|Any CPU.ActiveCfg = Debug|Any CPU
		{7322C9D6-9E2B-4136-924B-AD712C29C472}.Debug|Any CPU.Build.0 = Debug|Any CPU
		{7322C9D6-9E2B-4136-924B-AD712C29C472}.Release|Any CPU.ActiveCfg = Release|Any CPU
		{7322C9D6-9E2B-4136-924B-AD712C29C472}.Release|Any CPU.Build.0 = Release|Any CPU
		{1D4AEF36-2980-4AEA-AF13-94BED7CE69A2}.Debug|Any CPU.ActiveCfg = Debug|Any CPU
		{1D4AEF36-2980-4AEA-AF13-94BED7CE69A2}.Debug|Any CPU.Build.0 = Debug|Any CPU
		{1D4AEF36-2980-4AEA-AF13-94BED7CE69A2}.Release|Any CPU.ActiveCfg = Release|Any CPU
		{1D4AEF36-2980-4AEA-AF13-94BED7CE69A2}.Release|Any CPU.Build.0 = Release|Any CPU
		{A80A6201-C586-4A3C-9A7D-8638EA53AA6F}.Debug|Any CPU.ActiveCfg = Debug|Any CPU
		{A80A6201-C586-4A3C-9A7D-8638EA53AA6F}.Debug|Any CPU.Build.0 = Debug|Any CPU
		{A80A6201-C586-4A3C-9A7D-8638EA53AA6F}.Release|Any CPU.ActiveCfg = Release|Any CPU
		{A80A6201-C586-4A3C-9A7D-8638EA53AA6F}.Release|Any CPU.Build.0 = Release|Any CPU
	EndGlobalSection
	GlobalSection(SolutionProperties) = preSolution
		HideSolutionNode = FALSE
	EndGlobalSection
	GlobalSection(NestedProjects) = preSolution
		{099C8E82-56CD-45DC-928D-C580ABA5A702} = {2EE95A25-5B5C-4AF1-B897-8006F45A2684}
		{7BCF0F87-7EF4-45B9-BA31-8D153B3D1D99} = {2EE95A25-5B5C-4AF1-B897-8006F45A2684}
		{4B43068E-5067-4181-BE6D-513A996DD480} = {2EE95A25-5B5C-4AF1-B897-8006F45A2684}
		{B8997302-30CC-42E9-AC08-50E917429014} = {2EE95A25-5B5C-4AF1-B897-8006F45A2684}
		{BE4AEF47-F460-4766-800F-C3918D427813} = {2EE95A25-5B5C-4AF1-B897-8006F45A2684}
		{69C46A9D-93CA-4A9D-A620-63F815C358EB} = {2EE95A25-5B5C-4AF1-B897-8006F45A2684}
		{01565305-0AF0-401E-8176-F61DBC67E16B} = {2EE95A25-5B5C-4AF1-B897-8006F45A2684}
		{7322C9D6-9E2B-4136-924B-AD712C29C472} = {2EE95A25-5B5C-4AF1-B897-8006F45A2684}
		{1D4AEF36-2980-4AEA-AF13-94BED7CE69A2} = {2EE95A25-5B5C-4AF1-B897-8006F45A2684}
		{A80A6201-C586-4A3C-9A7D-8638EA53AA6F} = {2EE95A25-5B5C-4AF1-B897-8006F45A2684}
	EndGlobalSection
	GlobalSection(ExtensibilityGlobals) = postSolution
		SolutionGuid = {040D8A9A-2D49-479F-82C1-BDE3840C3FFD}
	EndGlobalSection
EndGlobal
